
Microsoft Visual Studio Solution File, Format Version 12.00
# Visual Studio Version 17
VisualStudioVersion = 17.4.33403.182
MinimumVisualStudioVersion = 10.0.40219.1
Project("{FAE04EC0-301F-11D3-BF4B-00C04F79EFBC}") = "users_api", "users_api\users_api.csproj", "{29891E48-8AC7-4C36-8B9F-DE4EF5364AB2}"
EndProject
Global
	GlobalSection(SolutionConfigurationPlatforms) = preSolution
		Debug|Any CPU = Debug|Any CPU
		Release|Any CPU = Release|Any CPU
	EndGlobalSection
	GlobalSection(ProjectConfigurationPlatforms) = postSolution
		{29891E48-8AC7-4C36-8B9F-DE4EF5364AB2}.Debug|Any CPU.ActiveCfg = Debug|Any CPU
		{29891E48-8AC7-4C36-8B9F-DE4EF5364AB2}.Debug|Any CPU.Build.0 = Debug|Any CPU
		{29891E48-8AC7-4C36-8B9F-DE4EF5364AB2}.Release|Any CPU.ActiveCfg = Release|Any CPU
		{29891E48-8AC7-4C36-8B9F-DE4EF5364AB2}.Release|Any CPU.Build.0 = Release|Any CPU
	EndGlobalSection
	GlobalSection(SolutionProperties) = preSolution
		HideSolutionNode = FALSE
	EndGlobalSection
	GlobalSection(ExtensibilityGlobals) = postSolution
		SolutionGuid = {5AFCD20C-6CDA-49C0-A1F0-623EB7DD0DEF}
	EndGlobalSection
EndGlobal
